
Microsoft Visual Studio Solution File, Format Version 12.00
# Visual Studio Version 17
VisualStudioVersion = 17.8.34004.107
MinimumVisualStudioVersion = 10.0.40219.1
Project("{9A19103F-16F7-4668-BE54-9A1E7A4F7556}") = "Vozni Park", "Vozni Park\Vozni Park.csproj", "{225B80BA-AFC6-4D42-B771-4BB792444691}"
EndProject
Global
	GlobalSection(SolutionConfigurationPlatforms) = preSolution
		Debug|Any CPU = Debug|Any CPU
		Release|Any CPU = Release|Any CPU
	EndGlobalSection
	GlobalSection(ProjectConfigurationPlatforms) = postSolution
		{225B80BA-AFC6-4D42-B771-4BB792444691}.Debug|Any CPU.ActiveCfg = Debug|Any CPU
		{225B80BA-AFC6-4D42-B771-4BB792444691}.Debug|Any CPU.Build.0 = Debug|Any CPU
		{225B80BA-AFC6-4D42-B771-4BB792444691}.Release|Any CPU.ActiveCfg = Release|Any CPU
		{225B80BA-AFC6-4D42-B771-4BB792444691}.Release|Any CPU.Build.0 = Release|Any CPU
	EndGlobalSection
	GlobalSection(SolutionProperties) = preSolution
		HideSolutionNode = FALSE
	EndGlobalSection
	GlobalSection(ExtensibilityGlobals) = postSolution
		SolutionGuid = {DA92724A-37F5-4865-A390-9FC5E5506323}
	EndGlobalSection
EndGlobal
